
Microsoft Visual Studio Solution File, Format Version 12.00
# Visual Studio Version 16
VisualStudioVersion = 16.0.29911.84
MinimumVisualStudioVersion = 10.0.40219.1
Project("{FAE04EC0-301F-11D3-BF4B-00C04F79EFBC}") = "CentralitaHerencia", "CentralitaHerencia\CentralitaHerencia.csproj", "{14E25C3D-58E5-4E34-8030-3C75ABD458A9}"
EndProject
Project("{FAE04EC0-301F-11D3-BF4B-00C04F79EFBC}") = "Test", "Test\Test.csproj", "{B1B61E57-8C25-4E2E-9780-9B9A3CFE026D}"
EndProject
Global
	GlobalSection(SolutionConfigurationPlatforms) = preSolution
		Debug|Any CPU = Debug|Any CPU
		Release|Any CPU = Release|Any CPU
	EndGlobalSection
	GlobalSection(ProjectConfigurationPlatforms) = postSolution
		{14E25C3D-58E5-4E34-8030-3C75ABD458A9}.Debug|Any CPU.ActiveCfg = Debug|Any CPU
		{14E25C3D-58E5-4E34-8030-3C75ABD458A9}.Debug|Any CPU.Build.0 = Debug|Any CPU
		{14E25C3D-58E5-4E34-8030-3C75ABD458A9}.Release|Any CPU.ActiveCfg = Release|Any CPU
		{14E25C3D-58E5-4E34-8030-3C75ABD458A9}.Release|Any CPU.Build.0 = Release|Any CPU
		{B1B61E57-8C25-4E2E-9780-9B9A3CFE026D}.Debug|Any CPU.ActiveCfg = Debug|Any CPU
		{B1B61E57-8C25-4E2E-9780-9B9A3CFE026D}.Debug|Any CPU.Build.0 = Debug|Any CPU
		{B1B61E57-8C25-4E2E-9780-9B9A3CFE026D}.Release|Any CPU.ActiveCfg = Release|Any CPU
		{B1B61E57-8C25-4E2E-9780-9B9A3CFE026D}.Release|Any CPU.Build.0 = Release|Any CPU
	EndGlobalSection
	GlobalSection(SolutionProperties) = preSolution
		HideSolutionNode = FALSE
	EndGlobalSection
	GlobalSection(ExtensibilityGlobals) = postSolution
		SolutionGuid = {4A5BE78F-239A-4D7B-89AF-12337FFEE0C7}
	EndGlobalSection
EndGlobal
