
Microsoft Visual Studio Solution File, Format Version 12.00
# Visual Studio Version 16
VisualStudioVersion = 16.0.29911.84
MinimumVisualStudioVersion = 10.0.40219.1
Project("{FAE04EC0-301F-11D3-BF4B-00C04F79EFBC}") = "Ejercicio_47", "Ejercicio_47\Ejercicio_47.csproj", "{84D5DAC6-3471-4A4B-84A9-063302112137}"
EndProject
Project("{FAE04EC0-301F-11D3-BF4B-00C04F79EFBC}") = "Consola_Ejercicio47", "Consola_Ejercicio47\Consola_Ejercicio47.csproj", "{1CBA8332-8DF5-431A-8FAD-2038D1A804E9}"
EndProject
Global
	GlobalSection(SolutionConfigurationPlatforms) = preSolution
		Debug|Any CPU = Debug|Any CPU
		Release|Any CPU = Release|Any CPU
	EndGlobalSection
	GlobalSection(ProjectConfigurationPlatforms) = postSolution
		{84D5DAC6-3471-4A4B-84A9-063302112137}.Debug|Any CPU.ActiveCfg = Debug|Any CPU
		{84D5DAC6-3471-4A4B-84A9-063302112137}.Debug|Any CPU.Build.0 = Debug|Any CPU
		{84D5DAC6-3471-4A4B-84A9-063302112137}.Release|Any CPU.ActiveCfg = Release|Any CPU
		{84D5DAC6-3471-4A4B-84A9-063302112137}.Release|Any CPU.Build.0 = Release|Any CPU
		{1CBA8332-8DF5-431A-8FAD-2038D1A804E9}.Debug|Any CPU.ActiveCfg = Debug|Any CPU
		{1CBA8332-8DF5-431A-8FAD-2038D1A804E9}.Debug|Any CPU.Build.0 = Debug|Any CPU
		{1CBA8332-8DF5-431A-8FAD-2038D1A804E9}.Release|Any CPU.ActiveCfg = Release|Any CPU
		{1CBA8332-8DF5-431A-8FAD-2038D1A804E9}.Release|Any CPU.Build.0 = Release|Any CPU
	EndGlobalSection
	GlobalSection(SolutionProperties) = preSolution
		HideSolutionNode = FALSE
	EndGlobalSection
	GlobalSection(ExtensibilityGlobals) = postSolution
		SolutionGuid = {EFD63D56-7129-4D22-9B41-2D14AA50C405}
	EndGlobalSection
EndGlobal
