
Microsoft Visual Studio Solution File, Format Version 12.00
# Visual Studio Version 16
VisualStudioVersion = 16.0.29911.84
MinimumVisualStudioVersion = 10.0.40219.1
Project("{FAE04EC0-301F-11D3-BF4B-00C04F79EFBC}") = "Actividad_Clase_4", "Actividad_Clase_4\Actividad_Clase_4.csproj", "{8AE491F6-670B-4B64-96F2-0BB214E30D0B}"
EndProject
Project("{FAE04EC0-301F-11D3-BF4B-00C04F79EFBC}") = "Implicit y explicit", "Implicit y explicit\Implicit y explicit.csproj", "{5D3421CD-2E23-48B5-8544-8080EE7F6D8E}"
EndProject
Global
	GlobalSection(SolutionConfigurationPlatforms) = preSolution
		Debug|Any CPU = Debug|Any CPU
		Release|Any CPU = Release|Any CPU
	EndGlobalSection
	GlobalSection(ProjectConfigurationPlatforms) = postSolution
		{8AE491F6-670B-4B64-96F2-0BB214E30D0B}.Debug|Any CPU.ActiveCfg = Debug|Any CPU
		{8AE491F6-670B-4B64-96F2-0BB214E30D0B}.Debug|Any CPU.Build.0 = Debug|Any CPU
		{8AE491F6-670B-4B64-96F2-0BB214E30D0B}.Release|Any CPU.ActiveCfg = Release|Any CPU
		{8AE491F6-670B-4B64-96F2-0BB214E30D0B}.Release|Any CPU.Build.0 = Release|Any CPU
		{5D3421CD-2E23-48B5-8544-8080EE7F6D8E}.Debug|Any CPU.ActiveCfg = Debug|Any CPU
		{5D3421CD-2E23-48B5-8544-8080EE7F6D8E}.Debug|Any CPU.Build.0 = Debug|Any CPU
		{5D3421CD-2E23-48B5-8544-8080EE7F6D8E}.Release|Any CPU.ActiveCfg = Release|Any CPU
		{5D3421CD-2E23-48B5-8544-8080EE7F6D8E}.Release|Any CPU.Build.0 = Release|Any CPU
	EndGlobalSection
	GlobalSection(SolutionProperties) = preSolution
		HideSolutionNode = FALSE
	EndGlobalSection
	GlobalSection(ExtensibilityGlobals) = postSolution
		SolutionGuid = {99DF9939-C786-4CD5-B87E-29CEA12D5A73}
	EndGlobalSection
EndGlobal
