
Microsoft Visual Studio Solution File, Format Version 12.00
# Visual Studio Version 16
VisualStudioVersion = 16.0.29911.84
MinimumVisualStudioVersion = 10.0.40219.1
Project("{FAE04EC0-301F-11D3-BF4B-00C04F79EFBC}") = "pizzeriaFormulario", "pizzeriaFormulario\pizzeriaFormulario.csproj", "{EEBB7EA7-BC49-4865-A0DF-A3827D602934}"
EndProject
Project("{FAE04EC0-301F-11D3-BF4B-00C04F79EFBC}") = "EntidadesPizzeria", "EntidadesPizzeria\EntidadesPizzeria.csproj", "{AABB8F76-C1C3-494F-BF23-B481ECAA13A0}"
EndProject
Global
	GlobalSection(SolutionConfigurationPlatforms) = preSolution
		Debug|Any CPU = Debug|Any CPU
		Release|Any CPU = Release|Any CPU
	EndGlobalSection
	GlobalSection(ProjectConfigurationPlatforms) = postSolution
		{EEBB7EA7-BC49-4865-A0DF-A3827D602934}.Debug|Any CPU.ActiveCfg = Debug|Any CPU
		{EEBB7EA7-BC49-4865-A0DF-A3827D602934}.Debug|Any CPU.Build.0 = Debug|Any CPU
		{EEBB7EA7-BC49-4865-A0DF-A3827D602934}.Release|Any CPU.ActiveCfg = Release|Any CPU
		{EEBB7EA7-BC49-4865-A0DF-A3827D602934}.Release|Any CPU.Build.0 = Release|Any CPU
		{AABB8F76-C1C3-494F-BF23-B481ECAA13A0}.Debug|Any CPU.ActiveCfg = Debug|Any CPU
		{AABB8F76-C1C3-494F-BF23-B481ECAA13A0}.Debug|Any CPU.Build.0 = Debug|Any CPU
		{AABB8F76-C1C3-494F-BF23-B481ECAA13A0}.Release|Any CPU.ActiveCfg = Release|Any CPU
		{AABB8F76-C1C3-494F-BF23-B481ECAA13A0}.Release|Any CPU.Build.0 = Release|Any CPU
	EndGlobalSection
	GlobalSection(SolutionProperties) = preSolution
		HideSolutionNode = FALSE
	EndGlobalSection
	GlobalSection(ExtensibilityGlobals) = postSolution
		SolutionGuid = {2348D94D-B646-4FDB-92EE-CAE781995A6E}
	EndGlobalSection
EndGlobal
