
Microsoft Visual Studio Solution File, Format Version 12.00
# Visual Studio Version 16
VisualStudioVersion = 16.0.29911.84
MinimumVisualStudioVersion = 10.0.40219.1
Project("{FAE04EC0-301F-11D3-BF4B-00C04F79EFBC}") = "PruebaArchivo", "PruebaArchivo\PruebaArchivo.csproj", "{87C6E80E-1B13-4830-BEC9-CDCA284676C3}"
EndProject
Global
	GlobalSection(SolutionConfigurationPlatforms) = preSolution
		Debug|Any CPU = Debug|Any CPU
		Release|Any CPU = Release|Any CPU
	EndGlobalSection
	GlobalSection(ProjectConfigurationPlatforms) = postSolution
		{87C6E80E-1B13-4830-BEC9-CDCA284676C3}.Debug|Any CPU.ActiveCfg = Debug|Any CPU
		{87C6E80E-1B13-4830-BEC9-CDCA284676C3}.Debug|Any CPU.Build.0 = Debug|Any CPU
		{87C6E80E-1B13-4830-BEC9-CDCA284676C3}.Release|Any CPU.ActiveCfg = Release|Any CPU
		{87C6E80E-1B13-4830-BEC9-CDCA284676C3}.Release|Any CPU.Build.0 = Release|Any CPU
	EndGlobalSection
	GlobalSection(SolutionProperties) = preSolution
		HideSolutionNode = FALSE
	EndGlobalSection
	GlobalSection(ExtensibilityGlobals) = postSolution
		SolutionGuid = {B7625ADC-5846-4EEC-9AD7-89A6F700FD89}
	EndGlobalSection
EndGlobal
